<?xml version="1.0" encoding="utf-8"?>
<Project ToolsVersion="4.0" xmlns="http://schemas.microsoft.com/developer/msbuild/2003">
  <ItemGroup>
    <Filter Include="Source Files">
      <UniqueIdentifier>{4FC737F1-C7A5-4376-A066-2A32D752A2FF}</UniqueIdentifier>
      <Extensions>cpp;c;cc;cxx;c++;cppm;ixx;def;odl;idl;hpj;bat;asm;asmx</Extensions>
    </Filter>
    <Filter Include="Header Files">
      <UniqueIdentifier>{93995380-89BD-4b04-88EB-625FBE52EBFB}</UniqueIdentifier>
      <Extensions>h;hh;hpp;hxx;h++;hm;inl;inc;ipp;xsd</Extensions>
    </Filter>
    <Filter Include="Resource Files">
      <UniqueIdentifier>{67DA6AB6-F800-4c08-8B7A-83BB121AAD01}</UniqueIdentifier>
      <Extensions>rc;ico;cur;bmp;dlg;rc2;rct;bin;rgs;gif;jpg;jpeg;jpe;resx;tiff;tif;png;wav;mfcribbon-ms</Extensions>
    </Filter>
    <Filter Include="Source Files\maps">
      <UniqueIdentifier>{8f37159b-f299-4ba3-8b42-6f9a9123ab69}</UniqueIdentifier>
    </Filter>
    <Filter Include="Source Files\ocpncy_maps">
      <UniqueIdentifier>{40b0f1e2-b727-4ef1-bff0-2e1e4a80aba7}</UniqueIdentifier>
    </Filter>
    <Filter Include="Source Files\tests">
      <UniqueIdentifier>{c48a1e73-42be-4e01-ab8b-d447b56194d9}</UniqueIdentifier>
    </Filter>
  </ItemGroup>
  <ItemGroup>
    <ClCompile Include="Source.cpp">
      <Filter>Source Files</Filter>
    </ClCompile>
  </ItemGroup>
  <ItemGroup>
    <None Include="realsense2.dll">
      <Filter>Source Files</Filter>
    </None>
  </ItemGroup>
  <ItemGroup>
    <ClInclude Include="header.hh">
      <Filter>Header Files</Filter>
    </ClInclude>
    <ClInclude Include="dstar.hpp">
      <Filter>Source Files</Filter>
    </ClInclude>
    <ClInclude Include="geometry.hpp">
      <Filter>Source Files</Filter>
    </ClInclude>
    <ClInclude Include="maps2\tilemaps.hpp">
      <Filter>Source Files\maps</Filter>
    </ClInclude>
    <ClInclude Include="maps2\maps2_streams.hpp">
      <Filter>Source Files\maps</Filter>
    </ClInclude>
    <ClInclude Include="maps2\maps2_display.hpp">
      <Filter>Source Files\maps</Filter>
    </ClInclude>
    <ClInclude Include="ocpncy\occupancy.hpp">
      <Filter>Source Files\ocpncy_maps</Filter>
    </ClInclude>
    <ClInclude Include="ocpncy\ocpncy_streams.hpp">
      <Filter>Source Files\ocpncy_maps</Filter>
    </ClInclude>
    <ClInclude Include="projection.hpp">
      <Filter>Source Files</Filter>
    </ClInclude>
    <ClInclude Include="tests\gmtry_tests.hpp">
      <Filter>Source Files\tests</Filter>
    </ClInclude>
    <ClInclude Include="tests\misc_tests.hpp">
      <Filter>Source Files\tests</Filter>
    </ClInclude>
    <ClInclude Include="tests\ocpncy_tests.hpp">
      <Filter>Source Files\tests</Filter>
    </ClInclude>
    <ClInclude Include="tests\rs_tests.hpp">
      <Filter>Source Files\tests</Filter>
    </ClInclude>
  </ItemGroup>
</Project>